
Microsoft Visual Studio Solution File, Format Version 12.00
# Visual Studio Version 17
VisualStudioVersion = 17.5.33516.290
MinimumVisualStudioVersion = 10.0.40219.1
Project("{FAE04EC0-301F-11D3-BF4B-00C04F79EFBC}") = "Record_Static_Extension", "Record_Static_Extension\Record_Static_Extension.csproj", "{29899576-1906-4B78-8268-B513BEB55807}"
EndProject
Global
	GlobalSection(SolutionConfigurationPlatforms) = preSolution
		Debug|Any CPU = Debug|Any CPU
		Release|Any CPU = Release|Any CPU
	EndGlobalSection
	GlobalSection(ProjectConfigurationPlatforms) = postSolution
		{29899576-1906-4B78-8268-B513BEB55807}.Debug|Any CPU.ActiveCfg = Debug|Any CPU
		{29899576-1906-4B78-8268-B513BEB55807}.Debug|Any CPU.Build.0 = Debug|Any CPU
		{29899576-1906-4B78-8268-B513BEB55807}.Release|Any CPU.ActiveCfg = Release|Any CPU
		{29899576-1906-4B78-8268-B513BEB55807}.Release|Any CPU.Build.0 = Release|Any CPU
	EndGlobalSection
	GlobalSection(SolutionProperties) = preSolution
		HideSolutionNode = FALSE
	EndGlobalSection
	GlobalSection(ExtensibilityGlobals) = postSolution
		SolutionGuid = {C7FD33BC-B9FF-4AEF-B224-277D7813D134}
	EndGlobalSection
EndGlobal
